<?xml version="1.0" encoding="utf-8"?>
<Project ToolsVersion="4.0" xmlns="http://schemas.microsoft.com/developer/msbuild/2003">
  <ItemGroup>
    <Filter Include="Src">
      <UniqueIdentifier>{0D23880B-792C-887C-02A8-9E7C6EB0937C}</UniqueIdentifier>
    </Filter>
    <Filter Include="include">
      <UniqueIdentifier>{89AF369E-F58E-B539-FEA6-40106A051C9B}</UniqueIdentifier>
    </Filter>
    <Filter Include="include\stb">
      <UniqueIdentifier>{610AC131-CDBF-3927-56B4-33FEC268302B}</UniqueIdentifier>
    </Filter>
    <Filter Include="include\stb\include">
      <UniqueIdentifier>{D402DF5C-4064-BC6A-C9D1-021D3532F329}</UniqueIdentifier>
    </Filter>
  </ItemGroup>
  <ItemGroup>
    <ClInclude Include="Src\CBuffer.h">
      <Filter>Src</Filter>
    </ClInclude>
    <ClInclude Include="Src\Camera.h">
      <Filter>Src</Filter>
    </ClInclude>
    <ClInclude Include="Src\Cubemap.h">
      <Filter>Src</Filter>
    </ClInclude>
    <ClInclude Include="Src\D3D.h">
      <Filter>Src</Filter>
    </ClInclude>
    <ClInclude Include="Src\FrameCBuffer.h">
      <Filter>Src</Filter>
    </ClInclude>
    <ClInclude Include="Src\Graphics.h">
      <Filter>Src</Filter>
    </ClInclude>
    <ClInclude Include="Src\Input.h">
      <Filter>Src</Filter>
    </ClInclude>
    <ClInclude Include="Src\IntegrateBRDFShader.h">
      <Filter>Src</Filter>
    </ClInclude>
    <ClInclude Include="Src\IrradianceShader.h">
      <Filter>Src</Filter>
    </ClInclude>
    <ClInclude Include="Src\Model.h">
      <Filter>Src</Filter>
    </ClInclude>
    <ClInclude Include="Src\ObjectCBuffer.h">
      <Filter>Src</Filter>
    </ClInclude>
    <ClInclude Include="Src\PBRShader.h">
      <Filter>Src</Filter>
    </ClInclude>
    <ClInclude Include="Src\PreFilterShader.h">
      <Filter>Src</Filter>
    </ClInclude>
    <ClInclude Include="Src\RectToCubemapShader.h">
      <Filter>Src</Filter>
    </ClInclude>
    <ClInclude Include="Src\RenderTexture.h">
      <Filter>Src</Filter>
    </ClInclude>
    <ClInclude Include="Src\Shader.h">
      <Filter>Src</Filter>
    </ClInclude>
    <ClInclude Include="Src\Shapes.h">
      <Filter>Src</Filter>
    </ClInclude>
    <ClInclude Include="Src\Skybox.h">
      <Filter>Src</Filter>
    </ClInclude>
    <ClInclude Include="Src\SkyboxShader.h">
      <Filter>Src</Filter>
    </ClInclude>
    <ClInclude Include="Src\System.h">
      <Filter>Src</Filter>
    </ClInclude>
    <ClInclude Include="Src\Texture.h">
      <Filter>Src</Filter>
    </ClInclude>
    <ClInclude Include="Src\image.hpp">
      <Filter>Src</Filter>
    </ClInclude>
    <ClInclude Include="Src\stb_image.h">
      <Filter>Src</Filter>
    </ClInclude>
    <ClInclude Include="include\DDSTextureLoader.h">
      <Filter>include</Filter>
    </ClInclude>
    <ClInclude Include="include\stb\include\stb_image.h">
      <Filter>include\stb\include</Filter>
    </ClInclude>
  </ItemGroup>
  <ItemGroup>
    <ClCompile Include="Src\CBuffer.cpp">
      <Filter>Src</Filter>
    </ClCompile>
    <ClCompile Include="Src\Camera.cpp">
      <Filter>Src</Filter>
    </ClCompile>
    <ClCompile Include="Src\Cubemap.cpp">
      <Filter>Src</Filter>
    </ClCompile>
    <ClCompile Include="Src\D3D.cpp">
      <Filter>Src</Filter>
    </ClCompile>
    <ClCompile Include="Src\FrameCBuffer.cpp">
      <Filter>Src</Filter>
    </ClCompile>
    <ClCompile Include="Src\Graphics.cpp">
      <Filter>Src</Filter>
    </ClCompile>
    <ClCompile Include="Src\Input.cpp">
      <Filter>Src</Filter>
    </ClCompile>
    <ClCompile Include="Src\IntegrateBRDFShader.cpp">
      <Filter>Src</Filter>
    </ClCompile>
    <ClCompile Include="Src\IrradianceShader.cpp">
      <Filter>Src</Filter>
    </ClCompile>
    <ClCompile Include="Src\Model.cpp">
      <Filter>Src</Filter>
    </ClCompile>
    <ClCompile Include="Src\ObjectCBuffer.cpp">
      <Filter>Src</Filter>
    </ClCompile>
    <ClCompile Include="Src\PBRShader.cpp">
      <Filter>Src</Filter>
    </ClCompile>
    <ClCompile Include="Src\PreFilterShader.cpp">
      <Filter>Src</Filter>
    </ClCompile>
    <ClCompile Include="Src\RectToCubemapShader.cpp">
      <Filter>Src</Filter>
    </ClCompile>
    <ClCompile Include="Src\RenderTexture.cpp">
      <Filter>Src</Filter>
    </ClCompile>
    <ClCompile Include="Src\Shader.cpp">
      <Filter>Src</Filter>
    </ClCompile>
    <ClCompile Include="Src\Shapes.cpp">
      <Filter>Src</Filter>
    </ClCompile>
    <ClCompile Include="Src\Skybox.cpp">
      <Filter>Src</Filter>
    </ClCompile>
    <ClCompile Include="Src\SkyboxShader.cpp">
      <Filter>Src</Filter>
    </ClCompile>
    <ClCompile Include="Src\System.cpp">
      <Filter>Src</Filter>
    </ClCompile>
    <ClCompile Include="Src\Texture.cpp">
      <Filter>Src</Filter>
    </ClCompile>
    <ClCompile Include="Src\image.cpp">
      <Filter>Src</Filter>
    </ClCompile>
    <ClCompile Include="Src\main.cpp">
      <Filter>Src</Filter>
    </ClCompile>
    <ClCompile Include="include\DDSTextureLoader.cpp">
      <Filter>include</Filter>
    </ClCompile>
  </ItemGroup>
</Project>